
Microsoft Visual Studio Solution File, Format Version 12.00
# Visual Studio Version 17
VisualStudioVersion = 17.14.36121.58
MinimumVisualStudioVersion = 10.0.40219.1
Project("{FAE04EC0-301F-11D3-BF4B-00C04F79EFBC}") = "AnimalRescueAPI", "AnimalRescueAPI\AnimalRescueAPI.csproj", "{1C38DFD2-595E-4EFA-BF08-9A4A0B0BF914}"
EndProject
Project("{FAE04EC0-301F-11D3-BF4B-00C04F79EFBC}") = "AnimalRescue.Services", "AnimalRescue.Services\AnimalRescue.Services.csproj", "{153185A3-DBDE-4773-AB0A-1BDAD402B56F}"
EndProject
Project("{FAE04EC0-301F-11D3-BF4B-00C04F79EFBC}") = "AnimalRescue.Repositories", "AnimalRescue.Repositories\AnimalRescue.Repositories.csproj", "{96D0FF15-97D0-4A6B-A477-E7273DF38070}"
EndProject
Project("{FAE04EC0-301F-11D3-BF4B-00C04F79EFBC}") = "AnimalRescue.Core", "AnimalRescue.Core\AnimalRescue.Core.csproj", "{BC684C67-4DD8-4DD1-AEC4-67184FC0180F}"
EndProject
Project("{FAE04EC0-301F-11D3-BF4B-00C04F79EFBC}") = "AnimalRescue.Data", "AnimalRescue.Data\AnimalRescue.Data.csproj", "{FDD7977C-4A2D-47FF-90D0-A4FAEB57C555}"
EndProject
Global
	GlobalSection(SolutionConfigurationPlatforms) = preSolution
		Debug|Any CPU = Debug|Any CPU
		Release|Any CPU = Release|Any CPU
	EndGlobalSection
	GlobalSection(ProjectConfigurationPlatforms) = postSolution
		{1C38DFD2-595E-4EFA-BF08-9A4A0B0BF914}.Debug|Any CPU.ActiveCfg = Debug|Any CPU
		{1C38DFD2-595E-4EFA-BF08-9A4A0B0BF914}.Debug|Any CPU.Build.0 = Debug|Any CPU
		{1C38DFD2-595E-4EFA-BF08-9A4A0B0BF914}.Release|Any CPU.ActiveCfg = Release|Any CPU
		{1C38DFD2-595E-4EFA-BF08-9A4A0B0BF914}.Release|Any CPU.Build.0 = Release|Any CPU
		{153185A3-DBDE-4773-AB0A-1BDAD402B56F}.Debug|Any CPU.ActiveCfg = Debug|Any CPU
		{153185A3-DBDE-4773-AB0A-1BDAD402B56F}.Debug|Any CPU.Build.0 = Debug|Any CPU
		{153185A3-DBDE-4773-AB0A-1BDAD402B56F}.Release|Any CPU.ActiveCfg = Release|Any CPU
		{153185A3-DBDE-4773-AB0A-1BDAD402B56F}.Release|Any CPU.Build.0 = Release|Any CPU
		{96D0FF15-97D0-4A6B-A477-E7273DF38070}.Debug|Any CPU.ActiveCfg = Debug|Any CPU
		{96D0FF15-97D0-4A6B-A477-E7273DF38070}.Debug|Any CPU.Build.0 = Debug|Any CPU
		{96D0FF15-97D0-4A6B-A477-E7273DF38070}.Release|Any CPU.ActiveCfg = Release|Any CPU
		{96D0FF15-97D0-4A6B-A477-E7273DF38070}.Release|Any CPU.Build.0 = Release|Any CPU
		{BC684C67-4DD8-4DD1-AEC4-67184FC0180F}.Debug|Any CPU.ActiveCfg = Debug|Any CPU
		{BC684C67-4DD8-4DD1-AEC4-67184FC0180F}.Debug|Any CPU.Build.0 = Debug|Any CPU
		{BC684C67-4DD8-4DD1-AEC4-67184FC0180F}.Release|Any CPU.ActiveCfg = Release|Any CPU
		{BC684C67-4DD8-4DD1-AEC4-67184FC0180F}.Release|Any CPU.Build.0 = Release|Any CPU
		{FDD7977C-4A2D-47FF-90D0-A4FAEB57C555}.Debug|Any CPU.ActiveCfg = Debug|Any CPU
		{FDD7977C-4A2D-47FF-90D0-A4FAEB57C555}.Debug|Any CPU.Build.0 = Debug|Any CPU
		{FDD7977C-4A2D-47FF-90D0-A4FAEB57C555}.Release|Any CPU.ActiveCfg = Release|Any CPU
		{FDD7977C-4A2D-47FF-90D0-A4FAEB57C555}.Release|Any CPU.Build.0 = Release|Any CPU
	EndGlobalSection
	GlobalSection(SolutionProperties) = preSolution
		HideSolutionNode = FALSE
	EndGlobalSection
	GlobalSection(ExtensibilityGlobals) = postSolution
		SolutionGuid = {507EEF2F-1E92-4883-B9ED-5766F962ED44}
	EndGlobalSection
EndGlobal
